{"SurveyEntry":{"SurveyID":"SV_56E34rxKRuSOHn8","SurveyName":"Chatroom-asw_matching","SurveyDescription":null,"SurveyOwnerID":"UR_8p4E4WMDPWhJDtY","SurveyBrandID":"illinois","DivisionID":"DV_cDdzv5dQ2hOvZQy","SurveyLanguage":"EN","SurveyActiveResponseSet":"RS_3Od2iNJM6GfvFjw","SurveyStatus":"Active","SurveyStartDate":"0000-00-00 00:00:00","SurveyExpirationDate":"0000-00-00 00:00:00","SurveyCreationDate":"2025-11-06 13:23:16","CreatorID":"UR_8p4E4WMDPWhJDtY","LastModified":"2025-11-09 22:18:43","LastAccessed":"0000-00-00 00:00:00","LastActivated":"2025-11-06 21:12:07","Deleted":null},"SurveyElements":[{"SurveyID":"SV_56E34rxKRuSOHn8","Element":"BL","PrimaryAttribute":"Survey Blocks","SecondaryAttribute":null,"TertiaryAttribute":null,"Payload":{"1":{"Type":"Trash","Description":"Trash \/ Unused Questions","ID":"BL_3RhGWWHeqrkI0bb","BlockElements":[{"Type":"Question","QuestionID":"QID28"}]},"13":{"Type":"Standard","SubType":"","Description":"Before","ID":"BL_8eqio84e6ytvRc1","BlockElements":[{"Type":"Question","QuestionID":"QID7"},{"Type":"Question","QuestionID":"QID24"}]},"19":{"Type":"Standard","Description":"CHAT BLOCK","ID":"BL_87IlBS51fu1Hq97","BlockElements":[{"Type":"Question","QuestionID":"QID29"},{"Type":"Page Break"},{"Type":"Question","QuestionID":"QID13"},{"Type":"Page Break"},{"Type":"Question","QuestionID":"QID27"},{"Type":"Page Break"},{"Type":"Question","QuestionID":"QID12"}],"Options":{"BlockLocking":false,"RandomizeQuestions":"false","BlockVisibility":"Expanded"}},"25":{"Type":"Standard","SubType":"","Description":"After","ID":"BL_57kHz7IPtadWY0C","BlockElements":[{"Type":"Question","QuestionID":"QID25"}]},"26":{"Type":"Standard","SubType":"","Description":"ID Re-enter","ID":"BL_3rxFMgSAPC9r9nE","BlockElements":[{"Type":"Question","QuestionID":"QID30"}]},"27":{"Type":"Standard","SubType":"","Description":"Wrong ID!","ID":"BL_8hKLcxIh3w6Ee8e","BlockElements":[{"Type":"Question","QuestionID":"QID31"}]}}},{"SurveyID":"SV_56E34rxKRuSOHn8","Element":"FL","PrimaryAttribute":"Survey Flow","SecondaryAttribute":null,"TertiaryAttribute":null,"Payload":{"Type":"Root","FlowID":"FL_1","Flow":[{"Type":"EmbeddedData","FlowID":"FL_44","EmbeddedData":[{"Description":"typed_name","Type":"Custom","Field":"typed_name","VariableType":"String","DataVisibility":[],"AnalyzeText":false,"Value":"User"}]},{"Type":"Block","ID":"BL_8eqio84e6ytvRc1","FlowID":"FL_2","Autofill":[]},{"Type":"EmbeddedData","FlowID":"FL_34","EmbeddedData":[{"Description":"experimentalUnitID","Type":"Custom","Field":"experimentalUnitID","VariableType":"String","DataVisibility":[],"AnalyzeText":false,"Value":"${q:\/\/QID7\/ChoiceTextEntryValue}"}]},{"Type":"EmbeddedData","FlowID":"FL_24","EmbeddedData":[{"Description":"chatblock_version","Type":"Custom","Field":"chatblock_version","VariableType":"String","DataVisibility":[],"AnalyzeText":false,"Value":"1.0"},{"Description":"serverURL","Type":"Custom","Field":"serverURL","VariableType":"String","DataVisibility":[],"AnalyzeText":false,"Value":"https:\/\/kr98xfirp7.execute-api.us-east-1.amazonaws.com\/default"},{"Description":"chatName","Type":"Custom","Field":"chatName","VariableType":"String","DataVisibility":[],"AnalyzeText":false,"Value":"Main"},{"Description":"participantID","Type":"Custom","Field":"participantID","VariableType":"String","DataVisibility":[],"AnalyzeText":false,"Value":"${e:\/\/Field\/ResponseID}"},{"Description":"roles","Type":"Custom","Field":"roles","VariableType":"String","DataVisibility":[],"AnalyzeText":false,"Value":"roleA, roleB, roleC"},{"Description":"chatLog","Type":"Custom","Field":"chatLog","VariableType":"String","DataVisibility":[],"AnalyzeText":false,"Value":"\"\""},{"Description":"chatLogCount","Type":"Custom","Field":"chatLogCount","VariableType":"String","DataVisibility":[],"AnalyzeText":false,"Value":"\"\""},{"Description":"chat_report_show","Type":"Custom","Field":"chat_report_show","VariableType":"String","DataVisibility":[],"AnalyzeText":false,"Value":"0"}]},{"Type":"EmbeddedData","FlowID":"FL_41","EmbeddedData":[{"Description":"chatDuration","Type":"Custom","Field":"chatDuration","VariableType":"String","DataVisibility":[],"AnalyzeText":false,"Value":"180"},{"Description":"chatWindowWidth","Type":"Custom","Field":"chatWindowWidth","VariableType":"String","DataVisibility":[],"AnalyzeText":false,"Value":"600"},{"Description":"chatWindowHeight","Type":"Custom","Field":"chatWindowHeight","VariableType":"String","DataVisibility":[],"AnalyzeText":false,"Value":"400"},{"Description":"allowExitChat","Type":"Custom","Field":"allowExitChat","VariableType":"String","DataVisibility":[],"AnalyzeText":false,"Value":"yes"},{"Description":"chatShowTime","Type":"Custom","Field":"chatShowTime","VariableType":"String","DataVisibility":[],"AnalyzeText":false,"Value":"yes"},{"Description":"chatTimeFormat","Type":"Custom","Field":"chatTimeFormat","VariableType":"String","DataVisibility":[],"AnalyzeText":false,"Value":"hm24"},{"Description":"chatTimeZone","Type":"Recipient","Field":"chatTimeZone","VariableType":"String","DataVisibility":[],"AnalyzeText":false},{"Description":"groupID","Type":"Recipient","Field":"groupID","VariableType":"String","DataVisibility":[],"AnalyzeText":false},{"Description":"participantRole","Type":"Recipient","Field":"participantRole","VariableType":"String","DataVisibility":[],"AnalyzeText":false},{"Description":"chat_ready","Type":"Recipient","Field":"chat_ready","VariableType":"String","DataVisibility":[],"AnalyzeText":false}]},{"Type":"WebService","FlowID":"FL_30","URL":"https:\/\/kr98xfirp7.execute-api.us-east-1.amazonaws.com\/default\/individual_group_matching","Method":"GET","RequestParams":[{"key":"experimentalUnitID","value":"${e:\/\/Field\/experimentalUnitID}"},{"key":"extra_write_1","value":"${e:\/\/Field\/foo1}"},{"key":"extra_write_2","value":"${e:\/\/Field\/foo2}"},{"key":"extra_write_3","value":"${e:\/\/Field\/foo3}"}],"EditBodyParams":[],"Body":[],"ContentType":"application\/x-www-form-urlencoded","Headers":[],"ResponseMap":[{"key":"groupID","value":"groupID"},{"key":"participantRole","value":"participantRole"},{"key":"lookup_confirmed","value":"lookup_confirmed"},{"key":"experimentalUnitID_confirmation","value":"experimentalUnitID_confirmation"},{"key":"extra_read_1","value":"extra_read_1"},{"key":"extra_read_2","value":"extra_read_2"},{"key":"extra_read_3","value":"extra_read_3"}],"FireAndForget":false,"SchemaVersion":0,"StringifyValues":true},{"Type":"EmbeddedData","FlowID":"FL_51","EmbeddedData":[{"Description":"groupID","Type":"Custom","Field":"groupID","VariableType":"String","DataVisibility":[],"AnalyzeText":false,"Value":"${e:\/\/Field\/groupID}"},{"Description":"participantRole","Type":"Custom","Field":"participantRole","VariableType":"String","DataVisibility":[],"AnalyzeText":false,"Value":"${e:\/\/Field\/participantRole}"},{"Description":"experimentalUnitID_confirmation","Type":"Custom","Field":"experimentalUnitID_confirmation","VariableType":"String","DataVisibility":[],"AnalyzeText":false,"Value":"${e:\/\/Field\/experimentalUnitID_confirmation}"},{"Description":"extra_embedded_data","Type":"Custom","Field":"extra_embedded_data","VariableType":"String","DataVisibility":[],"AnalyzeText":false,"Value":"0"}]},{"Type":"Branch","FlowID":"FL_39","Description":"New Branch","BranchLogic":{"0":{"0":{"LogicType":"EmbeddedField","LeftOperand":"extra_embedded_data","Operator":"EqualTo","RightOperand":"1","_HiddenExpression":false,"Type":"Expression","Description":"<span class=\"ConjDesc\">If<\/span> <span class=\"LeftOpDesc\">extra_embedded_data<\/span> <span class=\"OpDesc\">Is Equal to<\/span> <span class=\"RightOpDesc\"> 1 <\/span>"},"Type":"If"},"Type":"BooleanExpression"},"Flow":[{"Type":"EmbeddedData","FlowID":"FL_38","EmbeddedData":[{"Description":"lookup_confirmed","Type":"Custom","Field":"lookup_confirmed","VariableType":"String","DataVisibility":[],"AnalyzeText":false,"Value":"lookup_confirmed"},{"Description":"extra_write_1","Type":"Custom","Field":"extra_write_1","VariableType":"String","DataVisibility":[],"AnalyzeText":false,"Value":"extra_write_1"},{"Description":"extra_write_2","Type":"Custom","Field":"extra_write_2","VariableType":"String","DataVisibility":[],"AnalyzeText":false,"Value":"extra_write_2"},{"Description":"extra_write_3","Type":"Custom","Field":"extra_write_3","VariableType":"String","DataVisibility":[],"AnalyzeText":false,"Value":"extra_write_3"},{"Description":"extra_read_1","Type":"Custom","Field":"extra_read_1","VariableType":"String","DataVisibility":[],"AnalyzeText":false,"Value":"extra_read_1"},{"Description":"extra_read_2","Type":"Custom","Field":"extra_read_2","VariableType":"String","DataVisibility":[],"AnalyzeText":false,"Value":"extra_read_2"},{"Description":"extra_read_3","Type":"Custom","Field":"extra_read_3","VariableType":"String","DataVisibility":[],"AnalyzeText":false,"Value":"extra_read_3"}]}]},{"Type":"Branch","FlowID":"FL_45","Description":"New Branch","BranchLogic":{"0":{"0":{"LogicType":"EmbeddedField","LeftOperand":"experimentalUnitID_confirmation","Operator":"EqualTo","RightOperand":"true","_HiddenExpression":false,"Type":"Expression","Description":"<span class=\"ConjDesc\">If<\/span> <span class=\"LeftOpDesc\">experimentalUnitID_confirmation<\/span> <span class=\"OpDesc\">Is Equal to<\/span> <span class=\"RightOpDesc\"> true <\/span>"},"Type":"If"},"Type":"BooleanExpression"},"Flow":[{"Type":"Block","ID":"BL_87IlBS51fu1Hq97","FlowID":"FL_42","Autofill":[]},{"Type":"Block","ID":"BL_57kHz7IPtadWY0C","FlowID":"FL_43","Autofill":[]}]},{"Type":"Branch","FlowID":"FL_46","Description":"New Branch","BranchLogic":{"0":{"0":{"LogicType":"EmbeddedField","LeftOperand":"experimentalUnitID_confirmation","Operator":"NotEqualTo","RightOperand":"true","_HiddenExpression":false,"Type":"Expression","Description":"<span class=\"ConjDesc\">If<\/span> <span class=\"LeftOpDesc\">experimentalUnitID_confirmation<\/span> <span class=\"OpDesc\">Is Not Equal to<\/span> <span class=\"RightOpDesc\"> true <\/span>"},"Type":"If"},"Type":"BooleanExpression"},"Flow":[{"Type":"Block","ID":"BL_3rxFMgSAPC9r9nE","FlowID":"FL_48","Autofill":[]},{"Type":"EmbeddedData","FlowID":"FL_49","EmbeddedData":[{"Description":"experimentalUnitID","Type":"Custom","Field":"experimentalUnitID","VariableType":"String","DataVisibility":[],"AnalyzeText":false,"Value":"${q:\/\/QID30\/ChoiceTextEntryValue}"}]},{"Type":"WebService","FlowID":"FL_50","URL":"https:\/\/kr98xfirp7.execute-api.us-east-1.amazonaws.com\/default\/individual_group_matching","Method":"GET","RequestParams":[{"key":"experimentalUnitID","value":"${e:\/\/Field\/experimentalUnitID}"},{"key":"extra_write_1","value":"${e:\/\/Field\/foo1}"},{"key":"extra_write_2","value":"${e:\/\/Field\/foo2}"},{"key":"extra_write_3","value":"${e:\/\/Field\/foo3}"}],"EditBodyParams":[],"Body":[],"ContentType":"application\/x-www-form-urlencoded","Headers":[],"ResponseMap":[{"key":"groupID","value":"groupID"},{"key":"participantRole","value":"participantRole"},{"key":"lookup_confirmed","value":"lookup_confirmed"},{"key":"experimentalUnitID_confirmation","value":"experimentalUnitID_confirmation"},{"key":"extra_read_1","value":"extra_read_1"},{"key":"extra_read_2","value":"extra_read_2"},{"key":"extra_read_3","value":"extra_read_3"}],"FireAndForget":false,"SchemaVersion":0,"StringifyValues":true},{"Type":"EmbeddedData","FlowID":"FL_31","EmbeddedData":[{"Description":"groupID","Type":"Custom","Field":"groupID","VariableType":"String","DataVisibility":[],"AnalyzeText":false,"Value":"${e:\/\/Field\/groupID}"},{"Description":"participantRole","Type":"Custom","Field":"participantRole","VariableType":"String","DataVisibility":[],"AnalyzeText":false,"Value":"${e:\/\/Field\/participantRole}"},{"Description":"experimentalUnitID_confirmation","Type":"Custom","Field":"experimentalUnitID_confirmation","VariableType":"String","DataVisibility":[],"AnalyzeText":false,"Value":"${e:\/\/Field\/experimentalUnitID_confirmation}"},{"Description":"extra_embedded_data","Type":"Custom","Field":"extra_embedded_data","VariableType":"String","DataVisibility":[],"AnalyzeText":false,"Value":"0"}]},{"Type":"Branch","FlowID":"FL_52","Description":"New Branch","BranchLogic":{"0":{"0":{"LogicType":"EmbeddedField","LeftOperand":"extra_embedded_data","Operator":"EqualTo","RightOperand":"1","_HiddenExpression":false,"Type":"Expression","Description":"<span class=\"ConjDesc\">If<\/span> <span class=\"LeftOpDesc\">extra_embedded_data<\/span> <span class=\"OpDesc\">Is Equal to<\/span> <span class=\"RightOpDesc\"> 1 <\/span>"},"Type":"If"},"Type":"BooleanExpression"},"Flow":[{"Type":"EmbeddedData","FlowID":"FL_53","EmbeddedData":[{"Description":"lookup_confirmed","Type":"Custom","Field":"lookup_confirmed","VariableType":"String","DataVisibility":[],"AnalyzeText":false,"Value":"lookup_confirmed"},{"Description":"extra_write_1","Type":"Custom","Field":"extra_write_1","VariableType":"String","DataVisibility":[],"AnalyzeText":false,"Value":"extra_write_1"},{"Description":"extra_write_2","Type":"Custom","Field":"extra_write_2","VariableType":"String","DataVisibility":[],"AnalyzeText":false,"Value":"extra_write_2"},{"Description":"extra_write_3","Type":"Custom","Field":"extra_write_3","VariableType":"String","DataVisibility":[],"AnalyzeText":false,"Value":"extra_write_3"},{"Description":"extra_read_1","Type":"Custom","Field":"extra_read_1","VariableType":"String","DataVisibility":[],"AnalyzeText":false,"Value":"extra_read_1"},{"Description":"extra_read_2","Type":"Custom","Field":"extra_read_2","VariableType":"String","DataVisibility":[],"AnalyzeText":false,"Value":"extra_read_2"},{"Description":"extra_read_3","Type":"Custom","Field":"extra_read_3","VariableType":"String","DataVisibility":[],"AnalyzeText":false,"Value":"extra_read_3"}]}]},{"Type":"Branch","FlowID":"FL_54","Description":"New Branch","BranchLogic":{"0":{"0":{"LogicType":"EmbeddedField","LeftOperand":"experimentalUnitID_confirmation","Operator":"EqualTo","RightOperand":"true","_HiddenExpression":false,"Type":"Expression","Description":"<span class=\"ConjDesc\">If<\/span> <span class=\"LeftOpDesc\">experimentalUnitID_confirmation<\/span> <span class=\"OpDesc\">Is Equal to<\/span> <span class=\"RightOpDesc\"> true <\/span>"},"Type":"If"},"Type":"BooleanExpression"},"Flow":[{"Type":"Block","ID":"BL_87IlBS51fu1Hq97","FlowID":"FL_55","Autofill":[]},{"Type":"Block","ID":"BL_57kHz7IPtadWY0C","FlowID":"FL_56","Autofill":[]}]},{"Type":"Branch","FlowID":"FL_57","Description":"New Branch","BranchLogic":{"0":{"0":{"LogicType":"EmbeddedField","LeftOperand":"experimentalUnitID_confirmation","Operator":"NotEqualTo","RightOperand":"true","_HiddenExpression":false,"Type":"Expression","Description":"<span class=\"ConjDesc\">If<\/span> <span class=\"LeftOpDesc\">experimentalUnitID_confirmation<\/span> <span class=\"OpDesc\">Is Not Equal to<\/span> <span class=\"RightOpDesc\"> true <\/span>"},"Type":"If"},"Type":"BooleanExpression"},"Flow":[{"Type":"Block","ID":"BL_8hKLcxIh3w6Ee8e","FlowID":"FL_61","Autofill":[]}]}]}],"Properties":{"Count":61}}},{"SurveyID":"SV_56E34rxKRuSOHn8","Element":"PL","PrimaryAttribute":"Preview Link","SecondaryAttribute":null,"TertiaryAttribute":null,"Payload":{"PreviewType":"Brand","PreviewID":"df8e877c-9919-4a0e-9c14-9ad4233c4bb8"}},{"SurveyID":"SV_56E34rxKRuSOHn8","Element":"PROJ","PrimaryAttribute":"CORE","SecondaryAttribute":null,"TertiaryAttribute":"1.1.0","Payload":{"ProjectCategory":"CORE","SchemaVersion":"1.1.0"}},{"SurveyID":"SV_56E34rxKRuSOHn8","Element":"QC","PrimaryAttribute":"Survey Question Count","SecondaryAttribute":"31","TertiaryAttribute":null,"Payload":null},{"SurveyID":"SV_56E34rxKRuSOHn8","Element":"QG","PrimaryAttribute":"QG_RLfK9SF53ogjpou","SecondaryAttribute":"Default Quota Group","TertiaryAttribute":null,"Payload":{"ID":"QG_RLfK9SF53ogjpou","Name":"Default Quota Group","Selected":true,"MultipleMatch":"PlaceInAll","Public":false,"Quotas":[]}},{"SurveyID":"SV_56E34rxKRuSOHn8","Element":"QGO","PrimaryAttribute":"QGO_QuotaGroupOrder","SecondaryAttribute":null,"TertiaryAttribute":null,"Payload":["QG_RLfK9SF53ogjpou"]},{"SurveyID":"SV_56E34rxKRuSOHn8","Element":"RS","PrimaryAttribute":"RS_3Od2iNJM6GfvFjw","SecondaryAttribute":"Default Response Set","TertiaryAttribute":null,"Payload":null},{"SurveyID":"SV_56E34rxKRuSOHn8","Element":"SCO","PrimaryAttribute":"Scoring","SecondaryAttribute":null,"TertiaryAttribute":null,"Payload":{"ScoringCategories":[],"ScoringCategoryGroups":[],"ScoringSummaryCategory":null,"ScoringSummaryAfterQuestions":0,"ScoringSummaryAfterSurvey":0,"DefaultScoringCategory":null,"AutoScoringCategory":null}},{"SurveyID":"SV_56E34rxKRuSOHn8","Element":"SO","PrimaryAttribute":"Survey Options","SecondaryAttribute":null,"TertiaryAttribute":null,"Payload":{"BackButton":"false","SaveAndContinue":"true","SurveyProtection":"PublicSurvey","BallotBoxStuffingPrevention":"false","NoIndex":"Yes","SecureResponseFiles":"true","SurveyExpiration":null,"SurveyTermination":"DefaultMessage","Header":"<script>\n(function () {\n  if (window.__q_hushInstalled) return;\n  window.__q_hushInstalled = true;\n\n  window.addEventListener('unhandledrejection', function (e) {\n    try {\n      var r   = e && e.reason;\n      var msg = (r && (r.message || String(r))) || \"\";\n\n      \/\/ Match both Chrome\/Edge styles\n      if (\/cannot read (properties|property) of undefined\/i.test(msg)\n          && \/reading ['\"]0['\"]\/.test(msg)) {\n        e.preventDefault(); \/\/ mark handled so it won't log as \"Uncaught\"\n      }\n    } catch (_) {}\n  }, true);\n})();\n<\/script>\n","Footer":"","ProgressBarDisplay":"None","PartialData":"+1 week","ValidationMessage":null,"PreviousButton":" \u2190 ","NextButton":"Next >>","SkinLibrary":"illinois","SkinType":"templated","Skin":{"brandingId":"2402376015","templateId":"*base","overrides":null},"NewScoring":1,"headerMid":"","ShowExportTags":"false","CollectGeoLocation":"false","SurveyTitle":"Online Survey Software | Qualtrics Survey Solutions","SurveyMetaDescription":"Qualtrics sophisticated online survey software solutions make creating online surveys easy. Learn more about Research Suite and get a free account today.","PasswordProtection":"No","AnonymizeResponse":"No","Password":"","RefererCheck":"No","RefererURL":"http:\/\/","RecaptchaV3":"false","RelevantID":"false","ResponseSummary":"No","EOSRedirectURL":"https:\/\/","EmailThankYou":"false","ThankYouEmailMessageLibrary":null,"ThankYouEmailMessage":null,"ValidateMessage":"false","ValidationMessageLibrary":null,"InactiveSurvey":"DefaultMessage","PartialDataCloseAfter":"LastActivity","ActiveResponseSet":null,"InactiveMessageLibrary":"","InactiveMessage":"","AvailableLanguages":{"EN":[]},"PageTransition":"fade","SurveyName":"Chatroom-asw_matching","ProtectSelectionIds":true,"EOSMessage":null,"BallotBoxStuffingPreventionBehavior":null,"BallotBoxStuffingPreventionMessage":null,"BallotBoxStuffingPreventionMessageLibrary":null,"BallotBoxStuffingPreventionURL":null,"ConfirmStart":false,"AutoConfirmStart":false,"RelevantIDLockoutPeriod":"+30 days","UseCustomSurveyLinkCompletedMessage":null,"SurveyLinkCompletedMessage":null,"SurveyLinkCompletedMessageLibrary":null,"EOSMessageLibrary":null,"PartialDeletion":null,"CustomStyles":{"customCSS":".Skin .QuestionOuter {\n    -ms-overflow-style: -ms-autohiding-scrollbar;\n    padding-bottom: 10px;\n}"}}},{"SurveyID":"SV_56E34rxKRuSOHn8","Element":"SQ","PrimaryAttribute":"QID12","SecondaryAttribute":" ","TertiaryAttribute":null,"Payload":{"QuestionText":"<div style=\"text-align: center;\"><img width=\"300\" style=\"text-align: center; height: 198px; width: 300px;\" src=\"https:\/\/cdn.dribbble.com\/userupload\/22076800\/file\/original-8e7ce77dec0edaf0105e8287038f6e60.gif\" height=\"198\" alt=\"Image: Loading animation\"><\/div>","DefaultChoices":false,"QuestionType":"DB","Selector":"TB","Configuration":{"QuestionDescriptionOption":"UseText"},"QuestionDescription":" ","ChoiceOrder":[],"Validation":{"Settings":{"Type":"None"}},"GradingData":[],"Language":[],"NextChoiceId":4,"NextAnswerId":1,"DataVisibility":{"Private":false,"Hidden":false},"QuestionText_Unsafe":"<div style=\"text-align: center;\"><img alt=\"Image: Loading animation\" height=\"198\" src=\"${e:\/\/Field\/loadAnimationURL}\" style=\"text-align: center; height: 198px; width: 300px;\" width=\"300\" \/><\/div>","DataExportTag":"complete block","QuestionID":"QID12","QuestionJS":"\/* === Complete page (notify backend, then Next) ============================= *\/\n\nQualtrics.SurveyEngine.addOnload(function () {\n  var page = this;\n  page.hideNextButton();\n\n  const base = \"${e:\/\/Field\/serverURL}\";\n  const gid  = \"${e:\/\/Field\/groupID}\";\n  const pid  = \"${e:\/\/Field\/ResponseID}\"; \/\/ Qualtrics response ID\n\n  const params = new URLSearchParams({ groupID: gid, participantID: pid });\n\n  fetch(base + \"\/complete?\" + params.toString())\n    .catch((e) => console.warn(\"[COMPLETE] error:\", e))\n    .finally(() => page.clickNextButton());\n});\n\n\/* Inspired by SMARTRIQS (A. Molnar, 2019). Thanks for the original idea. *\/"}},{"SurveyID":"SV_56E34rxKRuSOHn8","Element":"SQ","PrimaryAttribute":"QID13","SecondaryAttribute":"\u00a0 \u00a0 Remaining time: ${e:\/\/Field\/remainingTime} seconds Exit chat \u00a0 Send message","TertiaryAttribute":null,"Payload":{"QuestionText":"<p id=\"warninglog\" style=\"font-weight:bold; color:red\">&nbsp;<\/p>\n\n<div id=\"chatInstructions\">&nbsp;<\/div>\n\n<div id=\"chatHeader\">\n<div id=\"timer\" style=\"visibility: hidden;\">Remaining time: ${e:\/\/Field\/remainingTime} seconds<\/div>\n<button id=\"exitButton\" style=\"visibility: hidden;\" type=\"button\">Exit chat<\/button><\/div>\n\n<div id=\"chatDisplay\">&nbsp;<\/div>\n\n<div id=\"chatInput\"><input autocomplete=\"off\" cols=\"60\" id=\"inputField\" placeholder=\"Type message...\" rows=\"2\" size=\"60\" type=\"text\" \/><button id=\"submitButton\" type=\"button\">Send message<\/button><\/div>","DefaultChoices":false,"QuestionType":"DB","Selector":"TB","DataVisibility":{"Private":false,"Hidden":false},"Configuration":{"QuestionDescriptionOption":"UseText"},"QuestionDescription":"\u00a0 \u00a0 Remaining time: ${e:\/\/Field\/remainingTime} seconds Exit chat \u00a0 Send message","ChoiceOrder":[],"Validation":{"Settings":{"Type":"None"}},"GradingData":[],"Language":[],"NextChoiceId":1,"NextAnswerId":1,"QuestionText_Unsafe":"<p id=\"warninglog\" style=\"font-weight:bold; color:red\">&nbsp;<\/p>\n\n<div id=\"chatInstructions\">&nbsp;<\/div>\n\n<div id=\"chatHeader\">\n<div id=\"timer\" style=\"visibility: hidden;\">Remaining time: ${e:\/\/Field\/remainingTime} seconds<\/div>\n<button id=\"exitButton\" style=\"visibility: hidden;\" type=\"button\">Exit chat<\/button><\/div>\n\n<div id=\"chatDisplay\">&nbsp;<\/div>\n\n<div id=\"chatInput\"><input autocomplete=\"off\" cols=\"60\" id=\"inputField\" placeholder=\"Type message...\" rows=\"2\" size=\"60\" type=\"text\" \/><button id=\"submitButton\" type=\"button\">Send message<\/button><\/div>","DataExportTag":"chat","QuestionID":"QID13","QuestionJS":"\/* === Chat page (AWS backend, polls & sends; no snapshot here) ================\n * Adds a switch: show\/hide times in the visible chat, while JSON snapshot\n * always preserves precise UTC timestamps.\n * ========================================================================= *\/\n\nQualtrics.SurveyEngine.addOnload(function () {\n  var page = this;\n  page.hideNextButton();\n  console.log(\"[CHAT] start\");\n\n  \/* ---------- Config (from Embedded Data) ---------- *\/\n  const cfg_serverUrl   = (\"${e:\/\/Field\/serverURL}\" || \"\").trim();         \/\/ e.g., https:\/\/...\/default\n  const cfg_groupId     = (\"${e:\/\/Field\/groupID}\" || \"\").trim();\n  const cfg_role        = (\"${e:\/\/Field\/participantRole}\" || \"\").trim();\n  const cfg_chatName    = (\"${e:\/\/Field\/chatName}\" || \"Main\").trim();\n  const cfg_allowExit   = (\"${e:\/\/Field\/allowExitChat}\" || \"no\").trim().toLowerCase();\n  let   cfg_widthPx     = parseInt(\"${e:\/\/Field\/chatWindowWidth}\"  || \"600\", 10);\n  let   cfg_heightPx    = parseInt(\"${e:\/\/Field\/chatWindowHeight}\" || \"360\", 10);\n  const cfg_durationSec = parseInt(\"${e:\/\/Field\/chatDuration}\"     || \"0\",   10); \/\/ 0\/NaN => no limit\n\n  \/\/ Optional flag you may set on the prior page after mapping:\n  const cfg_readyFlag   = (\"${e:\/\/Field\/chat_ready}\" || \"\").trim(); \/\/ \"1\" when mapping succeeded (optional)\n\n  \/\/ Display-time controls (harmless to backend if unsupported)\n  const cfg_showTime    = (\"${e:\/\/Field\/chatShowTime}\"   || \"no\").toLowerCase();   \/\/ \"yes\" | \"no\"\n  const cfg_timeFormat  = (\"${e:\/\/Field\/chatTimeFormat}\" || \"hm24\").toLowerCase(); \/\/ \"hm24\",\"hms24\",...\n  const cfg_timeZone    =  (\"${e:\/\/Field\/chatTimeZone}\"  || \"UTC\");                \/\/ e.g. \"America\/Chicago\"\n\n  \/\/ Normalize base URL (strip trailing slashes)\n  const BASE = cfg_serverUrl.replace(\/\\\/+$\/, \"\");\n\n  \/* ---------- DOM refs ---------- *\/\n  const ui = {\n    warning: document.getElementById(\"warninglog\"),\n    instr:   document.getElementById(\"chatInstructions\"),\n    header:  document.getElementById(\"chatHeader\"),\n    exitBtn: document.getElementById(\"exitButton\"),\n    timer:   document.getElementById(\"timer\"),\n    log:     document.getElementById(\"chatDisplay\"),\n    tray:    document.getElementById(\"chatInput\"),\n    input:   document.getElementById(\"inputField\"),\n    send:    document.getElementById(\"submitButton\")\n  };\n\n  \/* ---------- Validation & defaults ---------- *\/\n  if (!cfg_chatName && ui.warning) {\n    ui.warning.innerHTML = \"ERROR: Embedded Data 'chatName' is missing; transcript may not be saved.\";\n  }\n  if (isNaN(cfg_widthPx)  || cfg_widthPx  < 400 || cfg_widthPx  > 1200) cfg_widthPx  = 600;\n  if (isNaN(cfg_heightPx) || cfg_heightPx < 240 || cfg_heightPx >  720) cfg_heightPx = 360;\n\n  \/* ---------- Styling ---------- *\/\n  if (ui.instr) {\n    const txt = \"${e:\/\/Field\/chatInstructions}\";\n    ui.instr.innerHTML = (txt ? txt : \"Press Enter or click Send to post.\") + \"<br><br><br>\";\n  }\n  if (ui.header) {\n    ui.header.style.cssText =\n      \"margin:0 auto;width:\" + cfg_widthPx + \"px;display:flex;justify-content:space-between;\";\n  }\n  if (ui.log) {\n    ui.log.style.cssText =\n      \"width:\" + cfg_widthPx + \"px;height:\" + cfg_heightPx + \"px;background:#fff;padding:1em;\" +\n      \"overflow:auto;resize:none;position:relative;margin:0 auto 5px auto;\" +\n      \"box-shadow:2px 2px 5px 2px rgba(0,0,0,0.3);\";\n  }\n  if (ui.tray) {\n    ui.tray.style.cssText =\n      \"margin:0 auto;width:\" + cfg_widthPx + \"px;display:flex;justify-content:space-between;\";\n  }\n  if (ui.input) {\n    ui.input.setAttribute(\"size\", String(Math.floor(cfg_widthPx\/10)));\n    ui.input.addEventListener(\"keydown\", function (e) {\n      if (e.key === \"Enter\") { e.preventDefault(); sendMessage(); }\n    });\n  }\n  if (ui.send) {\n    ui.send.onclick = sendMessage;\n    ui.send.style.cssText =\n      \"color:#fff;border:none;width:200px;background:#007AC0;font-size:14px;text-transform:uppercase;\" +\n      \"line-height:1;padding:8px 20px;margin:0 auto 0 1em;border-radius:10px;\";\n  }\n  if (cfg_durationSec >= 10 && ui.timer) {\n    ui.timer.style.cssText =\n      \"visibility:visible;width:\" + Math.floor(cfg_widthPx\/2) + \"px;text-transform:uppercase;\" +\n      \"line-height:1;padding:8px 20px;margin:0 1em 0 auto;\";\n  }\n  if (cfg_allowExit === \"yes\" && ui.exitBtn) {\n    ui.exitBtn.style.visibility = \"visible\";\n    ui.exitBtn.onclick = endChatEarly;\n    ui.exitBtn.style.cssText =\n      \"color:black;border:none;width:100px;font-size:12px;text-transform:uppercase;line-height:1;\" +\n      \"padding:8px 20px;border-radius:10px;\";\n  }\n\n  \/* ---------- Guard: require IDs before polling ---------- *\/\n  if (!BASE || !cfg_groupId || !cfg_role || (cfg_readyFlag && cfg_readyFlag !== \"1\")) {\n    if (ui.warning) {\n      ui.warning.innerHTML =\n        \"Setting up the chat\u2026 waiting for group assignment. If this persists, go back one page.\";\n    }\n    if (ui.input) ui.input.disabled = true;\n    if (ui.send)  ui.send.disabled  = true;\n    console.warn(\"[CHAT] Missing server\/group\/role or not ready:\", {\n      BASE, groupID: cfg_groupId, role: cfg_role, readyFlag: cfg_readyFlag\n    });\n    return; \/\/ stop here to avoid 400 spam from the backend\n  }\n\n  \/* ---------- State ---------- *\/\n  let stopFlag = false;\n  let pollTimer = null;\n  let t0 = Date.now();\n\n  \/* ---------- Fetch helper (better errors) ---------- *\/\n  function fetchJSON(url) {\n    return fetch(url).then(async (r) => {\n      const text = await r.text();\n      let data;\n      try { data = text ? JSON.parse(text) : {}; } catch (_) { data = { error: text }; }\n      if (!r.ok) throw new Error(data && data.error ? data.error : (r.status + \" \" + r.statusText));\n      return data;\n    });\n  }\n\n  \/* ---------- Backend helpers ---------- *\/\n  function chatFetch(mode, text) {\n    const p = new URLSearchParams({\n      groupID:         cfg_groupId,\n      participantRole: cfg_role,\n      chatName:        cfg_chatName,\n      chatTimeFormat:  (cfg_showTime === \"yes\" ? cfg_timeFormat : \"none\"),\n      timeZone:        cfg_timeZone,\n      mode:            String(mode),   \/\/ 0=refresh, 2=send\n      addText:         text || \"\"\n    });\n    return fetchJSON(BASE + \"\/chat?\" + p.toString());\n  }\n\n  \/* ---------- Poll loop ---------- *\/\n  function refreshChat() {\n    chatFetch(0, \"\").then(j => {\n      if (ui.log) {\n        ui.log.innerHTML = j.chat || \"\";\n        ui.log.scrollTop = ui.log.scrollHeight - ui.log.clientHeight; \/\/ autoscroll\n      }\n      if (typeof j.count !== \"undefined\") {\n        Qualtrics.SurveyEngine.setEmbeddedData(\"chatLogCount\", String(j.count));\n      }\n    }).catch((e) => {\n      console.warn(\"[CHAT] poll error:\", e);\n    });\n  }\n  function startPolling() {\n    refreshChat();\n    pollTimer = setInterval(function () {\n      if (!stopFlag) refreshChat();\n    }, 1000);\n  }\n\n  \/* ---------- Send ---------- *\/\n  function sendMessage() {\n    const msg = (ui.input && ui.input.value || \"\").trim();\n    if (!msg) return;\n    chatFetch(2, msg).then(() => {\n      if (ui.input) ui.input.value = \"\";\n      refreshChat();\n    }).catch((e) => {\n      console.warn(\"[CHAT] send error:\", e);\n    });\n  }\n\n  \/* ---------- Timer ---------- *\/\n  if (cfg_durationSec >= 10 && ui.timer) {\n    const tick = function () {\n      if (stopFlag) return;\n      const elapsed = Math.floor((Date.now() - t0)\/1000);\n      const remain = Math.max(0, cfg_durationSec - elapsed);\n      const mm = String(Math.floor(remain\/60)).padStart(2,\"0\");\n      const ss = String(remain%60).padStart(2,\"0\");\n      ui.timer.innerHTML =\n        (remain > 10 ? \"Remaining time: \" + mm + \":\" + ss\n                     : \"<span style='color:#F00;'><strong>Remaining time: \" + mm + \":\" + ss + \"<\/strong><\/span>\");\n      if (remain <= 0) endChatEarly();\n      else setTimeout(tick, 250);\n    };\n    setTimeout(tick, 250);\n  }\n\n\n  \/* ---------- End \/ cleanup ---------- *\/\n  function endChatEarly() {\n    stopFlag = true;\n    if (pollTimer) clearInterval(pollTimer);\n    if (ui.input)   ui.input.disabled = true;\n    if (ui.send)    ui.send.disabled  = true;\n\n    \/\/ Optional: clear knobs\n    Qualtrics.SurveyEngine.setEmbeddedData(\"chatWindowWidth\",  \"\");\n    Qualtrics.SurveyEngine.setEmbeddedData(\"chatWindowHeight\", \"\");\n    Qualtrics.SurveyEngine.setEmbeddedData(\"allowExitChat\",    \"\");\n    Qualtrics.SurveyEngine.setEmbeddedData(\"chatDuration\",     \"\");\n    Qualtrics.SurveyEngine.setEmbeddedData(\"chatInstructions\", \"\");\n\n    console.log(\"[CHAT] end\");\n    page.clickNextButton();\n  }\n\n  \/\/ go!\n  startPolling();\n});\n\n\/* Inspired by SMARTRIQS (A. Molnar, 2019). Thanks for the original idea. *\/"}},{"SurveyID":"SV_56E34rxKRuSOHn8","Element":"SQ","PrimaryAttribute":"QID24","SecondaryAttribute":"${e:\/\/Field\/typed_name}! Welcome to the chat section\u2014please do not refresh, minimize, or leave th.","TertiaryAttribute":null,"Payload":{"QuestionText":"<b>${e:\/\/Field\/typed_name}!<\/b><br><br>Welcome to the chat section\u2014please do not refresh, minimize, or leave the survey for the next 5 minutes, as this is essential for the application to work properly; Thank you.","DataExportTag":"Welcome","QuestionType":"MC","Selector":"SAVR","SubSelector":"TX","DataVisibility":{"Private":false,"Hidden":false},"Configuration":{"QuestionDescriptionOption":"UseText"},"QuestionDescription":"${e:\/\/Field\/typed_name}! Welcome to the chat section\u2014please do not refresh, minimize, or leave th...","Choices":[],"ChoiceOrder":[],"Validation":{"Settings":{"ForceResponse":"OFF","Type":"None"}},"Language":[],"NextChoiceId":4,"NextAnswerId":1,"QuestionID":"QID24","QuestionJS":"\/\/ Welcome \/ Before-Block page\n\/\/ - Save respondent IANA timezone to ED: chatTimeZone\n\/\/ - Hush the theme's harmless \"reading '0'\" error on THIS page only\n\nQualtrics.SurveyEngine.addOnload(function () {\n  \/\/ ---- hush handlers (page-scoped) ----\n  function hushRejection(e) {\n    var reason = e && (typeof e.reason !== 'undefined' && e.reason !== null ? e.reason : e);\n    var s = String(reason).toLowerCase();\n    if (s.indexOf(\"reading '0'\") !== -1 || s.indexOf('reading \"0\"') !== -1) {\n      if (e && typeof e.preventDefault === 'function') e.preventDefault();\n    }\n  }\n  function hushError(e) {\n    var msg = String((e && e.message) || \"\").toLowerCase();\n    if (msg.indexOf(\"reading '0'\") !== -1 || msg.indexOf('reading \"0\"') !== -1) {\n      if (e && typeof e.preventDefault === 'function') e.preventDefault();\n    }\n  }\n  try {\n    window.addEventListener('unhandledrejection', hushRejection);\n    window.addEventListener('error', hushError, true);\n    window.__q_hushRejection = hushRejection;\n    window.__q_hushError = hushError;\n  } catch (_) {}\n\n  \/\/ ---- detect timezone safely ----\n  var tz = \"UTC\";\n  try {\n    if (window.Intl && Intl.DateTimeFormat) {\n      var o = Intl.DateTimeFormat().resolvedOptions();\n      if (o && o.timeZone && o.timeZone.indexOf(\"\/\") > 0) tz = o.timeZone; \/\/ e.g., \"America\/Chicago\"\n    }\n  } catch (_) {}\n  Qualtrics.SurveyEngine.setEmbeddedData(\"chatTimeZone\", tz);\n});\n\n\/\/ Use the GLOBAL unload hook (not `this.addOnUnload`)\nQualtrics.SurveyEngine.addOnUnload(function () {\n  try {\n    if (window.__q_hushRejection) window.removeEventListener('unhandledrejection', window.__q_hushRejection);\n    if (window.__q_hushError)      window.removeEventListener('error', window.__q_hushError, true);\n    delete window.__q_hushRejection;\n    delete window.__q_hushError;\n  } catch (_) {}\n});"}},{"SurveyID":"SV_56E34rxKRuSOHn8","Element":"SQ","PrimaryAttribute":"QID25","SecondaryAttribute":"Please tell us about your experience:","TertiaryAttribute":null,"Payload":{"QuestionText":"Please tell us about your experience:","DefaultChoices":false,"DataExportTag":"FinalComments","QuestionID":"QID25","QuestionType":"TE","Selector":"ML","DataVisibility":{"Private":false,"Hidden":false},"Configuration":{"QuestionDescriptionOption":"UseText"},"QuestionDescription":"Please tell us about your experience:","Validation":{"Settings":{"ForceResponse":"OFF","Type":"None"}},"GradingData":[],"Language":[],"NextChoiceId":4,"NextAnswerId":1,"SearchSource":{"AllowFreeResponse":"false"}}},{"SurveyID":"SV_56E34rxKRuSOHn8","Element":"SQ","PrimaryAttribute":"QID27","SecondaryAttribute":"Here is the report of the chat:","TertiaryAttribute":null,"Payload":{"QuestionText":"<b>Here is the report of the chat:<\/b>","QuestionJS":"\/* === Chat report (snapshot \u2192 ED 'chatLog' as JSON) ==========================\n * Saves the full transcript to ED 'chatLog' and also renders it on the page.\n * ========================================================================== *\/\n\nQualtrics.SurveyEngine.addOnload(function () {\n  var page = this;\n\n  var serverUrl = \"${e:\/\/Field\/serverURL}\";\n  var groupId   = \"${e:\/\/Field\/groupID}\";\n  var role      = \"${e:\/\/Field\/participantRole}\";\n  var chatName  = \"${e:\/\/Field\/chatName}\";\n\n  function esc(s) {\n    s = (s == null ? \"\" : String(s));\n    return s.replace(\/&\/g,\"&amp;\").replace(\/<\/g,\"&lt;\").replace(\/>\/g,\"&gt;\");\n  }\n\n  function timeHHMM(iso) {\n    \/\/ iso is something like \"2025-11-08T04:17:12.345Z\"\n    try {\n      var d = new Date(iso);\n      if (isNaN(d.getTime())) return \"\";\n      return d.toLocaleTimeString([], { hour: \"2-digit\", minute: \"2-digit\" });\n    } catch(e) { return \"\"; }\n  }\n\n  function renderTranscript(rows, count) {\n    try {\n      var qc = page.getQuestionContainer();\n\n      \/\/ status line\n      var status = document.createElement(\"div\");\n      status.style.margin = \"8px 0 6px 0\";\n      status.style.fontSize = \"12px\";\n      status.style.color = \"#555\";\n      status.textContent = \"Transcript saved (messages: \" + (count || rows.length || 0) + \").\";\n      qc.appendChild(status);\n\n      \/\/ pretty box\n      var box = document.createElement(\"div\");\n      box.style.cssText =\n        \"max-width: 760px;background:#fff;padding:12px 14px;border-radius:8px;\" +\n        \"box-shadow:2px 2px 5px rgba(0,0,0,0.2);margin-top:6px;line-height:1.35;\" +\n        \"white-space:normal;word-wrap:break-word;word-break:break-word;\";\n      if (!rows || !rows.length) {\n        box.innerHTML = \"<em>No messages to display.<\/em>\";\n        qc.appendChild(box);\n        return;\n      }\n\n      var html = [];\n      for (var i = 0; i < rows.length; i++) {\n        var r    = rows[i] || {};\n        var who  = esc(r.name || \"\");\n        var role = esc(r.role || \"\");\n        var msg  = esc(r.text || \"\").replace(\/\\n\/g,\"<br>\");\n        var tstr = timeHHMM(r.ts);\n        var head = \"<strong>\" + who + \"<\/strong>\" + (role ? \" <span style='color:#777'>[\" + role + \"]<\/span>\" : \"\");\n        if (tstr) head += \" <span style='color:#999'>(\" + tstr + \")<\/span>\";\n        html.push(\"<div style='margin:4px 0;'>\" + head + \": \" + msg + \"<\/div>\");\n      }\n      box.innerHTML = html.join(\"\");\n      qc.appendChild(box);\n    } catch(e) { \/* no-op *\/ }\n  }\n\n  function snapshotChatToED() {\n    var p = new URLSearchParams({\n      groupID: groupId,\n      participantRole: role,\n      chatName: chatName,\n      mode: \"0\",\n      export: \"1\",\n      format: \"json\"  \/\/ backend returns { chatLogJSON: \"<stringified array>\", count: N }\n    });\n    return fetch(serverUrl + \"\/chat?\" + p.toString())\n      .then(function(r){ return r.json(); })\n      .then(function(j){\n        var payload = j.chatLogJSON || \"[]\";\n        var count   = (typeof j.count !== \"undefined\") ? j.count : 0;\n\n        \/\/ Save to EDs (unchanged)\n        Qualtrics.SurveyEngine.setEmbeddedData(\"chatLog\", payload);\n        Qualtrics.SurveyEngine.setEmbeddedData(\"chatLogCount\", String(count));\n\n        \/\/ Parse and render\n        var rows = [];\n        try {\n          \/\/ chatLogJSON is a *string* containing a JSON array\n          rows = JSON.parse(payload);\n          if (!Array.isArray(rows)) rows = [];\n        } catch(e) { rows = []; }\n\n        renderTranscript(rows, count);\n      })\n      .catch(function(e){\n        console.warn(\"[CHAT REPORT] snapshot error:\", e);\n        \/\/ still show a minimal status line\n        try {\n          var qc = page.getQuestionContainer();\n          var status = document.createElement(\"div\");\n          status.style.marginTop = \"8px\";\n          status.style.fontSize = \"12px\";\n          status.style.color = \"#a00\";\n          status.textContent = \"Transcript could not be loaded. You may proceed.\";\n          qc.appendChild(status);\n        } catch(_) {}\n      });\n  }\n\n  snapshotChatToED();\n});","DefaultChoices":false,"DataExportTag":"chat report","QuestionID":"QID27","QuestionType":"MC","Selector":"SAVR","SubSelector":"TX","DataVisibility":{"Private":false,"Hidden":false},"Configuration":{"QuestionDescriptionOption":"UseText"},"QuestionDescription":"Here is the report of the chat:","Choices":[],"ChoiceOrder":[],"Validation":{"Settings":{"ForceResponse":"OFF","Type":"None"}},"GradingData":[],"Language":[],"NextChoiceId":4,"NextAnswerId":1,"DisplayLogic":{"0":{"0":{"Description":"<span class=\"ConjDesc\">If<\/span> <span class=\"LeftOpDesc\">chat_report_show<\/span> <span class=\"OpDesc\">Is Equal to<\/span> <span class=\"RightOpDesc\"> 1 <\/span>","LeftOperand":"chat_report_show","LogicType":"EmbeddedField","Operator":"EqualTo","RightOperand":"1","Type":"Expression"},"Type":"If"},"Type":"BooleanExpression","inPage":false}}},{"SurveyID":"SV_56E34rxKRuSOHn8","Element":"SQ","PrimaryAttribute":"QID28","SecondaryAttribute":"Please enter your preferred name:","TertiaryAttribute":null,"Payload":{"QuestionText":"Please enter your preferred name:","DefaultChoices":false,"DataExportTag":"Name","QuestionID":"QID28","QuestionType":"TE","Selector":"SL","DataVisibility":{"Private":false,"Hidden":false},"Configuration":{"QuestionDescriptionOption":"UseText"},"QuestionDescription":"Please enter your preferred name:","Validation":{"Settings":{"ForceResponse":"OFF","Type":"None"}},"GradingData":[],"Language":[],"NextChoiceId":4,"NextAnswerId":1,"SearchSource":{"AllowFreeResponse":"false"}}},{"SurveyID":"SV_56E34rxKRuSOHn8","Element":"SQ","PrimaryAttribute":"QID29","SecondaryAttribute":" ","TertiaryAttribute":null,"Payload":{"QuestionText":"<div style=\"text-align: center;\"><img alt=\"Image: Loading animation\" height=\"198\" src=\"https:\/\/cdn.dribbble.com\/userupload\/22076800\/file\/original-8e7ce77dec0edaf0105e8287038f6e60.gif\" style=\"text-align: center; height: 198px; width: 300px;\" width=\"300\"><\/div><div style=\"text-align: center;\"><br><\/div>","DefaultChoices":false,"DataExportTag":"Matching","QuestionID":"QID29","QuestionType":"DB","Selector":"TB","DataVisibility":{"Private":false,"Hidden":false},"Configuration":{"QuestionDescriptionOption":"UseText"},"QuestionDescription":" ","ChoiceOrder":[],"Validation":{"Settings":{"Type":"None"}},"GradingData":[],"Language":[],"NextChoiceId":4,"NextAnswerId":1,"QuestionJS":"Qualtrics.SurveyEngine.addOnload(function () {\n  var page = this;\n  page.hideNextButton();\n\n  const server = \"${e:\/\/Field\/serverURL}\";                  \/\/ e.g., https:\/\/kr98xfirp7.execute-api.us-east-1.amazonaws.com\/default\n  const unit   = \"${e:\/\/Field\/experimentalUnitID}\";         \/\/ your ID collected earlier\n\n  const url = new URL(server + \"\/individual_group_matching\");\n  url.search = new URLSearchParams({ experimentalUnitID: unit }).toString();\n\n  fetch(url.toString())\n    .then(r => r.json())\n    .then(d => {\n      if (d.groupID && d.participantRole) {\n        Qualtrics.SurveyEngine.setEmbeddedData(\"groupID\", d.groupID);\n        Qualtrics.SurveyEngine.setEmbeddedData(\"participantRole\", d.participantRole);\n        Qualtrics.SurveyEngine.setEmbeddedData(\"chat_ready\", \"1\");\n      } else {\n        Qualtrics.SurveyEngine.setEmbeddedData(\"chat_ready\", \"0\");\n        alert(\"Mapping failed: \" + JSON.stringify(d));\n      }\n      page.clickNextButton();\n    })\n    .catch(e => {\n      Qualtrics.SurveyEngine.setEmbeddedData(\"chat_ready\", \"0\");\n      alert(\"Mapping error: \" + e);\n      page.clickNextButton();\n    });\n});"}},{"SurveyID":"SV_56E34rxKRuSOHn8","Element":"SQ","PrimaryAttribute":"QID30","SecondaryAttribute":"Please enter your correct ID here:","TertiaryAttribute":null,"Payload":{"QuestionText":"Please enter your correct ID here:","DefaultChoices":false,"DataExportTag":"experimentalUnitID2","QuestionType":"TE","Selector":"SL","DataVisibility":{"Private":false,"Hidden":false},"Configuration":{"QuestionDescriptionOption":"UseText"},"QuestionDescription":"Please enter your correct ID here:","Validation":{"Settings":{"ForceResponse":"OFF","Type":"None"}},"GradingData":[],"Language":[],"NextChoiceId":4,"NextAnswerId":1,"SearchSource":{"AllowFreeResponse":"false"},"QuestionID":"QID30"}},{"SurveyID":"SV_56E34rxKRuSOHn8","Element":"SQ","PrimaryAttribute":"QID31","SecondaryAttribute":"You\u2019ve entered your ID incorrectly twice. Please contact your instructor for assistance.","TertiaryAttribute":null,"Payload":{"QuestionText":"You\u2019ve entered your ID incorrectly twice. Please contact your instructor for assistance.","DefaultChoices":false,"DataExportTag":"WrongID","QuestionType":"DB","Selector":"TB","DataVisibility":{"Private":false,"Hidden":false},"Configuration":{"QuestionDescriptionOption":"UseText"},"QuestionDescription":"You\u2019ve entered your ID incorrectly twice. Please contact your instructor for assistance.","ChoiceOrder":[],"Validation":{"Settings":{"Type":"None"}},"GradingData":[],"Language":[],"NextChoiceId":4,"NextAnswerId":1,"QuestionID":"QID31"}},{"SurveyID":"SV_56E34rxKRuSOHn8","Element":"SQ","PrimaryAttribute":"QID7","SecondaryAttribute":"Please enter your ID here:","TertiaryAttribute":null,"Payload":{"QuestionText":"Please enter your ID here:","DefaultChoices":false,"DataExportTag":"Instructions","QuestionID":"QID7","QuestionType":"TE","Selector":"SL","DataVisibility":{"Private":false,"Hidden":false},"Configuration":{"QuestionDescriptionOption":"UseText"},"QuestionDescription":"Please enter your ID here:","Validation":{"Settings":{"ForceResponse":"RequestResponse","ForceResponseType":"RequestResponse","Type":"None"}},"GradingData":[],"Language":[],"NextChoiceId":4,"NextAnswerId":1,"SearchSource":{"AllowFreeResponse":"false"},"QuestionJS":false}},{"SurveyID":"SV_56E34rxKRuSOHn8","Element":"STAT","PrimaryAttribute":"Survey Statistics","SecondaryAttribute":null,"TertiaryAttribute":null,"Payload":{"MobileCompatible":true,"ID":"Survey Statistics"}}]}